
Microsoft Visual Studio Solution File, Format Version 12.00
# Visual Studio Version 17
VisualStudioVersion = 17.6.33829.357
MinimumVisualStudioVersion = 10.0.40219.1
Project("{FAE04EC0-301F-11D3-BF4B-00C04F79EFBC}") = "02.MarketDesktopApp", "02.MarketDesktopApp.csproj", "{988CB56B-1BE3-4762-B74A-79153F5DC3DE}"
EndProject
Global
	GlobalSection(SolutionConfigurationPlatforms) = preSolution
		Debug|Any CPU = Debug|Any CPU
		Release|Any CPU = Release|Any CPU
	EndGlobalSection
	GlobalSection(ProjectConfigurationPlatforms) = postSolution
		{988CB56B-1BE3-4762-B74A-79153F5DC3DE}.Debug|Any CPU.ActiveCfg = Debug|Any CPU
		{988CB56B-1BE3-4762-B74A-79153F5DC3DE}.Debug|Any CPU.Build.0 = Debug|Any CPU
		{988CB56B-1BE3-4762-B74A-79153F5DC3DE}.Release|Any CPU.ActiveCfg = Release|Any CPU
		{988CB56B-1BE3-4762-B74A-79153F5DC3DE}.Release|Any CPU.Build.0 = Release|Any CPU
	EndGlobalSection
	GlobalSection(SolutionProperties) = preSolution
		HideSolutionNode = FALSE
	EndGlobalSection
	GlobalSection(ExtensibilityGlobals) = postSolution
		SolutionGuid = {0BC03B10-9981-4A45-B4BD-AD7965A5872F}
	EndGlobalSection
EndGlobal
