
Microsoft Visual Studio Solution File, Format Version 12.00
# Visual Studio Version 17
VisualStudioVersion = 17.6.33829.357
MinimumVisualStudioVersion = 10.0.40219.1
Project("{FAE04EC0-301F-11D3-BF4B-00C04F79EFBC}") = "FirstDesktopApp", "FirstDesktopApp.csproj", "{61329A79-A38F-42D7-9415-F3ED77A84BE4}"
EndProject
Global
	GlobalSection(SolutionConfigurationPlatforms) = preSolution
		Debug|Any CPU = Debug|Any CPU
		Release|Any CPU = Release|Any CPU
	EndGlobalSection
	GlobalSection(ProjectConfigurationPlatforms) = postSolution
		{61329A79-A38F-42D7-9415-F3ED77A84BE4}.Debug|Any CPU.ActiveCfg = Debug|Any CPU
		{61329A79-A38F-42D7-9415-F3ED77A84BE4}.Debug|Any CPU.Build.0 = Debug|Any CPU
		{61329A79-A38F-42D7-9415-F3ED77A84BE4}.Release|Any CPU.ActiveCfg = Release|Any CPU
		{61329A79-A38F-42D7-9415-F3ED77A84BE4}.Release|Any CPU.Build.0 = Release|Any CPU
	EndGlobalSection
	GlobalSection(SolutionProperties) = preSolution
		HideSolutionNode = FALSE
	EndGlobalSection
	GlobalSection(ExtensibilityGlobals) = postSolution
		SolutionGuid = {46DAAAAF-9D4B-4306-9042-BBA468EACCC3}
	EndGlobalSection
EndGlobal
