
Microsoft Visual Studio Solution File, Format Version 12.00
# Visual Studio Version 17
VisualStudioVersion = 17.9.34607.119
MinimumVisualStudioVersion = 10.0.40219.1
Project("{FAE04EC0-301F-11D3-BF4B-00C04F79EFBC}") = "PermitRequestApp.WebAPI", "PermitRequestApp.WebAPI\PermitRequestApp.WebAPI.csproj", "{9BC4DD19-73EF-49FB-A358-D1A0191DEBFD}"
EndProject
Project("{FAE04EC0-301F-11D3-BF4B-00C04F79EFBC}") = "PermitRequestApp.Domain", "PermitRequestApp.Domain\PermitRequestApp.Domain.csproj", "{0083F7DB-BA3B-40C7-B3FF-5844812A45B3}"
EndProject
Project("{FAE04EC0-301F-11D3-BF4B-00C04F79EFBC}") = "PermitRequestApp.Infrastructure", "PermitRequestApp.Infrastructure\PermitRequestApp.Infrastructure.csproj", "{A2759907-3502-424F-BFAF-5EB2BE21FCD5}"
EndProject
Project("{FAE04EC0-301F-11D3-BF4B-00C04F79EFBC}") = "PermitRequestApp.Application", "PermitRequestApp.Application\PermitRequestApp.Application.csproj", "{3717B3C5-9CE6-412E-A2D2-803475A939AA}"
EndProject
Global
	GlobalSection(SolutionConfigurationPlatforms) = preSolution
		Debug|Any CPU = Debug|Any CPU
		Release|Any CPU = Release|Any CPU
	EndGlobalSection
	GlobalSection(ProjectConfigurationPlatforms) = postSolution
		{9BC4DD19-73EF-49FB-A358-D1A0191DEBFD}.Debug|Any CPU.ActiveCfg = Debug|Any CPU
		{9BC4DD19-73EF-49FB-A358-D1A0191DEBFD}.Debug|Any CPU.Build.0 = Debug|Any CPU
		{9BC4DD19-73EF-49FB-A358-D1A0191DEBFD}.Release|Any CPU.ActiveCfg = Release|Any CPU
		{9BC4DD19-73EF-49FB-A358-D1A0191DEBFD}.Release|Any CPU.Build.0 = Release|Any CPU
		{0083F7DB-BA3B-40C7-B3FF-5844812A45B3}.Debug|Any CPU.ActiveCfg = Debug|Any CPU
		{0083F7DB-BA3B-40C7-B3FF-5844812A45B3}.Debug|Any CPU.Build.0 = Debug|Any CPU
		{0083F7DB-BA3B-40C7-B3FF-5844812A45B3}.Release|Any CPU.ActiveCfg = Release|Any CPU
		{0083F7DB-BA3B-40C7-B3FF-5844812A45B3}.Release|Any CPU.Build.0 = Release|Any CPU
		{A2759907-3502-424F-BFAF-5EB2BE21FCD5}.Debug|Any CPU.ActiveCfg = Debug|Any CPU
		{A2759907-3502-424F-BFAF-5EB2BE21FCD5}.Debug|Any CPU.Build.0 = Debug|Any CPU
		{A2759907-3502-424F-BFAF-5EB2BE21FCD5}.Release|Any CPU.ActiveCfg = Release|Any CPU
		{A2759907-3502-424F-BFAF-5EB2BE21FCD5}.Release|Any CPU.Build.0 = Release|Any CPU
		{3717B3C5-9CE6-412E-A2D2-803475A939AA}.Debug|Any CPU.ActiveCfg = Debug|Any CPU
		{3717B3C5-9CE6-412E-A2D2-803475A939AA}.Debug|Any CPU.Build.0 = Debug|Any CPU
		{3717B3C5-9CE6-412E-A2D2-803475A939AA}.Release|Any CPU.ActiveCfg = Release|Any CPU
		{3717B3C5-9CE6-412E-A2D2-803475A939AA}.Release|Any CPU.Build.0 = Release|Any CPU
	EndGlobalSection
	GlobalSection(SolutionProperties) = preSolution
		HideSolutionNode = FALSE
	EndGlobalSection
	GlobalSection(ExtensibilityGlobals) = postSolution
		SolutionGuid = {7C56D18D-334A-4105-B0D5-E52B2BBA1984}
	EndGlobalSection
EndGlobal
