
Microsoft Visual Studio Solution File, Format Version 12.00
# Visual Studio Version 17
VisualStudioVersion = 17.9.34728.123
MinimumVisualStudioVersion = 10.0.40219.1
Project("{FAE04EC0-301F-11D3-BF4B-00C04F79EFBC}") = "DovizTakipServer.Application", "content\DovizTakipServer.Application\DovizTakipServer.Application.csproj", "{953A47B6-6949-4CB8-B7BA-6082F964A4C7}"
EndProject
Project("{FAE04EC0-301F-11D3-BF4B-00C04F79EFBC}") = "DovizTakipServer.Domain", "content\DovizTakipServer.Domain\DovizTakipServer.Domain.csproj", "{F238A642-886D-4050-ADCB-A4094B25DA82}"
EndProject
Project("{FAE04EC0-301F-11D3-BF4B-00C04F79EFBC}") = "DovizTakipServer.Infrastructure", "content\DovizTakipServer.Infrastructure\DovizTakipServer.Infrastructure.csproj", "{1C09B385-05C2-4059-9A9D-108000DAA87B}"
EndProject
Project("{FAE04EC0-301F-11D3-BF4B-00C04F79EFBC}") = "DovizTakipServer.WebAPI", "content\DovizTakipServer.WebAPI\DovizTakipServer.WebAPI.csproj", "{56A042BA-BEB3-47EE-B50A-3E20BADC9991}"
EndProject
Global
	GlobalSection(SolutionConfigurationPlatforms) = preSolution
		Debug|Any CPU = Debug|Any CPU
		Release|Any CPU = Release|Any CPU
	EndGlobalSection
	GlobalSection(ProjectConfigurationPlatforms) = postSolution
		{953A47B6-6949-4CB8-B7BA-6082F964A4C7}.Debug|Any CPU.ActiveCfg = Debug|Any CPU
		{953A47B6-6949-4CB8-B7BA-6082F964A4C7}.Debug|Any CPU.Build.0 = Debug|Any CPU
		{953A47B6-6949-4CB8-B7BA-6082F964A4C7}.Release|Any CPU.ActiveCfg = Release|Any CPU
		{953A47B6-6949-4CB8-B7BA-6082F964A4C7}.Release|Any CPU.Build.0 = Release|Any CPU
		{F238A642-886D-4050-ADCB-A4094B25DA82}.Debug|Any CPU.ActiveCfg = Debug|Any CPU
		{F238A642-886D-4050-ADCB-A4094B25DA82}.Debug|Any CPU.Build.0 = Debug|Any CPU
		{F238A642-886D-4050-ADCB-A4094B25DA82}.Release|Any CPU.ActiveCfg = Release|Any CPU
		{F238A642-886D-4050-ADCB-A4094B25DA82}.Release|Any CPU.Build.0 = Release|Any CPU
		{1C09B385-05C2-4059-9A9D-108000DAA87B}.Debug|Any CPU.ActiveCfg = Debug|Any CPU
		{1C09B385-05C2-4059-9A9D-108000DAA87B}.Debug|Any CPU.Build.0 = Debug|Any CPU
		{1C09B385-05C2-4059-9A9D-108000DAA87B}.Release|Any CPU.ActiveCfg = Release|Any CPU
		{1C09B385-05C2-4059-9A9D-108000DAA87B}.Release|Any CPU.Build.0 = Release|Any CPU
		{56A042BA-BEB3-47EE-B50A-3E20BADC9991}.Debug|Any CPU.ActiveCfg = Debug|Any CPU
		{56A042BA-BEB3-47EE-B50A-3E20BADC9991}.Debug|Any CPU.Build.0 = Debug|Any CPU
		{56A042BA-BEB3-47EE-B50A-3E20BADC9991}.Release|Any CPU.ActiveCfg = Release|Any CPU
		{56A042BA-BEB3-47EE-B50A-3E20BADC9991}.Release|Any CPU.Build.0 = Release|Any CPU
	EndGlobalSection
	GlobalSection(SolutionProperties) = preSolution
		HideSolutionNode = FALSE
	EndGlobalSection
	GlobalSection(ExtensibilityGlobals) = postSolution
		SolutionGuid = {50641DF9-3FC5-44B7-9035-47ADAF179FD4}
	EndGlobalSection
EndGlobal
