
Microsoft Visual Studio Solution File, Format Version 12.00
# Visual Studio Version 17
VisualStudioVersion = 17.10.35027.167
MinimumVisualStudioVersion = 10.0.40219.1
Project("{9A19103F-16F7-4668-BE54-9A1E7A4F7556}") = "MultiTenantDbApp.Domain", "MultiTenantDbApp.Domain\MultiTenantDbApp.Domain.csproj", "{49875B72-5F21-46BD-A476-67B7EC594E92}"
EndProject
Project("{FAE04EC0-301F-11D3-BF4B-00C04F79EFBC}") = "MultiTenantDbApp.Infrastructure", "MultiTenantDbApp.Infrastructure\MultiTenantDbApp.Infrastructure.csproj", "{3720B86B-6B23-4B23-9138-AE927B38382B}"
EndProject
Project("{FAE04EC0-301F-11D3-BF4B-00C04F79EFBC}") = "MultiTenantDbApp.WebAPI", "MultiTenantDbApp.WebAPI\MultiTenantDbApp.WebAPI.csproj", "{1510545C-D227-4312-A920-9B30FD000466}"
EndProject
Global
	GlobalSection(SolutionConfigurationPlatforms) = preSolution
		Debug|Any CPU = Debug|Any CPU
		Release|Any CPU = Release|Any CPU
	EndGlobalSection
	GlobalSection(ProjectConfigurationPlatforms) = postSolution
		{49875B72-5F21-46BD-A476-67B7EC594E92}.Debug|Any CPU.ActiveCfg = Debug|Any CPU
		{49875B72-5F21-46BD-A476-67B7EC594E92}.Debug|Any CPU.Build.0 = Debug|Any CPU
		{49875B72-5F21-46BD-A476-67B7EC594E92}.Release|Any CPU.ActiveCfg = Release|Any CPU
		{49875B72-5F21-46BD-A476-67B7EC594E92}.Release|Any CPU.Build.0 = Release|Any CPU
		{3720B86B-6B23-4B23-9138-AE927B38382B}.Debug|Any CPU.ActiveCfg = Debug|Any CPU
		{3720B86B-6B23-4B23-9138-AE927B38382B}.Debug|Any CPU.Build.0 = Debug|Any CPU
		{3720B86B-6B23-4B23-9138-AE927B38382B}.Release|Any CPU.ActiveCfg = Release|Any CPU
		{3720B86B-6B23-4B23-9138-AE927B38382B}.Release|Any CPU.Build.0 = Release|Any CPU
		{1510545C-D227-4312-A920-9B30FD000466}.Debug|Any CPU.ActiveCfg = Debug|Any CPU
		{1510545C-D227-4312-A920-9B30FD000466}.Debug|Any CPU.Build.0 = Debug|Any CPU
		{1510545C-D227-4312-A920-9B30FD000466}.Release|Any CPU.ActiveCfg = Release|Any CPU
		{1510545C-D227-4312-A920-9B30FD000466}.Release|Any CPU.Build.0 = Release|Any CPU
	EndGlobalSection
	GlobalSection(SolutionProperties) = preSolution
		HideSolutionNode = FALSE
	EndGlobalSection
	GlobalSection(ExtensibilityGlobals) = postSolution
		SolutionGuid = {E4820646-F424-485F-ABE6-01949065F031}
	EndGlobalSection
EndGlobal
