
Microsoft Visual Studio Solution File, Format Version 12.00
# Visual Studio Version 17
VisualStudioVersion = 17.9.34728.123
MinimumVisualStudioVersion = 10.0.40219.1
Project("{FAE04EC0-301F-11D3-BF4B-00C04F79EFBC}") = "CanliSohbetServer.WebAPI", "CanliSohbetServer.WebAPI\CanliSohbetServer.WebAPI.csproj", "{BF7B8004-0156-47C2-9FD9-997A878F2CF9}"
EndProject
Global
	GlobalSection(SolutionConfigurationPlatforms) = preSolution
		Debug|Any CPU = Debug|Any CPU
		Release|Any CPU = Release|Any CPU
	EndGlobalSection
	GlobalSection(ProjectConfigurationPlatforms) = postSolution
		{BF7B8004-0156-47C2-9FD9-997A878F2CF9}.Debug|Any CPU.ActiveCfg = Debug|Any CPU
		{BF7B8004-0156-47C2-9FD9-997A878F2CF9}.Debug|Any CPU.Build.0 = Debug|Any CPU
		{BF7B8004-0156-47C2-9FD9-997A878F2CF9}.Release|Any CPU.ActiveCfg = Release|Any CPU
		{BF7B8004-0156-47C2-9FD9-997A878F2CF9}.Release|Any CPU.Build.0 = Release|Any CPU
	EndGlobalSection
	GlobalSection(SolutionProperties) = preSolution
		HideSolutionNode = FALSE
	EndGlobalSection
	GlobalSection(ExtensibilityGlobals) = postSolution
		SolutionGuid = {37C762E9-3DA9-4F47-A16A-CC23C4172C2A}
	EndGlobalSection
EndGlobal
