
Microsoft Visual Studio Solution File, Format Version 12.00
# Visual Studio Version 17
VisualStudioVersion = 17.8.34330.188
MinimumVisualStudioVersion = 10.0.40219.1
Project("{FAE04EC0-301F-11D3-BF4B-00C04F79EFBC}") = "AngularDataGridServer", "AngularDataGridServer.csproj", "{A7FC46D9-3AE4-4F7B-85C2-FDFDED477638}"
EndProject
Global
	GlobalSection(SolutionConfigurationPlatforms) = preSolution
		Debug|Any CPU = Debug|Any CPU
		Release|Any CPU = Release|Any CPU
	EndGlobalSection
	GlobalSection(ProjectConfigurationPlatforms) = postSolution
		{A7FC46D9-3AE4-4F7B-85C2-FDFDED477638}.Debug|Any CPU.ActiveCfg = Debug|Any CPU
		{A7FC46D9-3AE4-4F7B-85C2-FDFDED477638}.Debug|Any CPU.Build.0 = Debug|Any CPU
		{A7FC46D9-3AE4-4F7B-85C2-FDFDED477638}.Release|Any CPU.ActiveCfg = Release|Any CPU
		{A7FC46D9-3AE4-4F7B-85C2-FDFDED477638}.Release|Any CPU.Build.0 = Release|Any CPU
	EndGlobalSection
	GlobalSection(SolutionProperties) = preSolution
		HideSolutionNode = FALSE
	EndGlobalSection
	GlobalSection(ExtensibilityGlobals) = postSolution
		SolutionGuid = {D30FCB23-F27A-4039-AD81-A4F7F6842B34}
	EndGlobalSection
EndGlobal
