
Microsoft Visual Studio Solution File, Format Version 12.00
# Visual Studio Version 17
VisualStudioVersion = 17.8.34511.84
MinimumVisualStudioVersion = 10.0.40219.1
Project("{FAE04EC0-301F-11D3-BF4B-00C04F79EFBC}") = "ExceptionHandler", "ExceptionHandler.csproj", "{461B2D9F-89E5-4D7F-8635-C7277DAD7F23}"
EndProject
Global
	GlobalSection(SolutionConfigurationPlatforms) = preSolution
		Debug|Any CPU = Debug|Any CPU
		Release|Any CPU = Release|Any CPU
	EndGlobalSection
	GlobalSection(ProjectConfigurationPlatforms) = postSolution
		{461B2D9F-89E5-4D7F-8635-C7277DAD7F23}.Debug|Any CPU.ActiveCfg = Debug|Any CPU
		{461B2D9F-89E5-4D7F-8635-C7277DAD7F23}.Debug|Any CPU.Build.0 = Debug|Any CPU
		{461B2D9F-89E5-4D7F-8635-C7277DAD7F23}.Release|Any CPU.ActiveCfg = Release|Any CPU
		{461B2D9F-89E5-4D7F-8635-C7277DAD7F23}.Release|Any CPU.Build.0 = Release|Any CPU
	EndGlobalSection
	GlobalSection(SolutionProperties) = preSolution
		HideSolutionNode = FALSE
	EndGlobalSection
	GlobalSection(ExtensibilityGlobals) = postSolution
		SolutionGuid = {E077B6E0-814E-44E1-AB4B-E6ABA564B4EB}
	EndGlobalSection
EndGlobal
