
Microsoft Visual Studio Solution File, Format Version 12.00
# Visual Studio Version 17
VisualStudioVersion = 17.9.34701.34
MinimumVisualStudioVersion = 10.0.40219.1
Project("{FAE04EC0-301F-11D3-BF4B-00C04F79EFBC}") = "Cache.WebAPI", "Cache.WebAPI.csproj", "{750F731B-4509-4D26-AE6D-C78C96F6A290}"
EndProject
Global
	GlobalSection(SolutionConfigurationPlatforms) = preSolution
		Debug|Any CPU = Debug|Any CPU
		Release|Any CPU = Release|Any CPU
	EndGlobalSection
	GlobalSection(ProjectConfigurationPlatforms) = postSolution
		{750F731B-4509-4D26-AE6D-C78C96F6A290}.Debug|Any CPU.ActiveCfg = Debug|Any CPU
		{750F731B-4509-4D26-AE6D-C78C96F6A290}.Debug|Any CPU.Build.0 = Debug|Any CPU
		{750F731B-4509-4D26-AE6D-C78C96F6A290}.Release|Any CPU.ActiveCfg = Release|Any CPU
		{750F731B-4509-4D26-AE6D-C78C96F6A290}.Release|Any CPU.Build.0 = Release|Any CPU
	EndGlobalSection
	GlobalSection(SolutionProperties) = preSolution
		HideSolutionNode = FALSE
	EndGlobalSection
	GlobalSection(ExtensibilityGlobals) = postSolution
		SolutionGuid = {51D90DC2-FF23-4BD8-A3CA-698D897A97FE}
	EndGlobalSection
EndGlobal
