
Microsoft Visual Studio Solution File, Format Version 12.00
# Visual Studio Version 17
VisualStudioVersion = 17.9.34616.47
MinimumVisualStudioVersion = 10.0.40219.1
Project("{2150E333-8FDC-42A3-9474-1A3956D46DE8}") = "src", "src", "{5FF3E2B5-2F5E-4337-BBE8-1E48DD0289BE}"
EndProject
Project("{2150E333-8FDC-42A3-9474-1A3956D46DE8}") = "tests", "tests", "{F7F063C7-B420-4A68-AA0D-1FFFE0E0C069}"
EndProject
Project("{9A19103F-16F7-4668-BE54-9A1E7A4F7556}") = "CleanArchitecture.Domain", "src\CleanArchitecture.Domain\CleanArchitecture.Domain.csproj", "{9A2E1278-CBBD-4A85-9732-49D532DF7BE0}"
EndProject
Project("{9A19103F-16F7-4668-BE54-9A1E7A4F7556}") = "CleanArchitecture.Application", "src\CleanArchitecture.Application\CleanArchitecture.Application.csproj", "{FDF6FE4C-807C-454E-9A69-9EAE8B7FB7FF}"
EndProject
Project("{9A19103F-16F7-4668-BE54-9A1E7A4F7556}") = "CleanArchitecture.WebAPI", "src\CleanArchitecture.WebAPI\CleanArchitecture.WebAPI.csproj", "{972B5561-5266-4F94-AA03-2EBABD5F5DA6}"
EndProject
Project("{9A19103F-16F7-4668-BE54-9A1E7A4F7556}") = "CleanArchitecture.Infrastructure", "src\CleanArchitecture.Infrastructure\CleanArchitecture.Infrastructure.csproj", "{E68E05A5-B311-499F-9815-8D7D5CFCB71A}"
EndProject
Project("{FAE04EC0-301F-11D3-BF4B-00C04F79EFBC}") = "CleanArchitecture.Presentation", "src\CleanArchitecture.Presentation\CleanArchitecture.Presentation.csproj", "{6FB82E45-9D42-4D8A-BCA3-4C63DAABD965}"
EndProject
Global
	GlobalSection(SolutionConfigurationPlatforms) = preSolution
		Debug|Any CPU = Debug|Any CPU
		Release|Any CPU = Release|Any CPU
	EndGlobalSection
	GlobalSection(ProjectConfigurationPlatforms) = postSolution
		{9A2E1278-CBBD-4A85-9732-49D532DF7BE0}.Debug|Any CPU.ActiveCfg = Debug|Any CPU
		{9A2E1278-CBBD-4A85-9732-49D532DF7BE0}.Debug|Any CPU.Build.0 = Debug|Any CPU
		{9A2E1278-CBBD-4A85-9732-49D532DF7BE0}.Release|Any CPU.ActiveCfg = Release|Any CPU
		{9A2E1278-CBBD-4A85-9732-49D532DF7BE0}.Release|Any CPU.Build.0 = Release|Any CPU
		{FDF6FE4C-807C-454E-9A69-9EAE8B7FB7FF}.Debug|Any CPU.ActiveCfg = Debug|Any CPU
		{FDF6FE4C-807C-454E-9A69-9EAE8B7FB7FF}.Debug|Any CPU.Build.0 = Debug|Any CPU
		{FDF6FE4C-807C-454E-9A69-9EAE8B7FB7FF}.Release|Any CPU.ActiveCfg = Release|Any CPU
		{FDF6FE4C-807C-454E-9A69-9EAE8B7FB7FF}.Release|Any CPU.Build.0 = Release|Any CPU
		{972B5561-5266-4F94-AA03-2EBABD5F5DA6}.Debug|Any CPU.ActiveCfg = Debug|Any CPU
		{972B5561-5266-4F94-AA03-2EBABD5F5DA6}.Debug|Any CPU.Build.0 = Debug|Any CPU
		{972B5561-5266-4F94-AA03-2EBABD5F5DA6}.Release|Any CPU.ActiveCfg = Release|Any CPU
		{972B5561-5266-4F94-AA03-2EBABD5F5DA6}.Release|Any CPU.Build.0 = Release|Any CPU
		{E68E05A5-B311-499F-9815-8D7D5CFCB71A}.Debug|Any CPU.ActiveCfg = Debug|Any CPU
		{E68E05A5-B311-499F-9815-8D7D5CFCB71A}.Debug|Any CPU.Build.0 = Debug|Any CPU
		{E68E05A5-B311-499F-9815-8D7D5CFCB71A}.Release|Any CPU.ActiveCfg = Release|Any CPU
		{E68E05A5-B311-499F-9815-8D7D5CFCB71A}.Release|Any CPU.Build.0 = Release|Any CPU
		{6FB82E45-9D42-4D8A-BCA3-4C63DAABD965}.Debug|Any CPU.ActiveCfg = Debug|Any CPU
		{6FB82E45-9D42-4D8A-BCA3-4C63DAABD965}.Debug|Any CPU.Build.0 = Debug|Any CPU
		{6FB82E45-9D42-4D8A-BCA3-4C63DAABD965}.Release|Any CPU.ActiveCfg = Release|Any CPU
		{6FB82E45-9D42-4D8A-BCA3-4C63DAABD965}.Release|Any CPU.Build.0 = Release|Any CPU
	EndGlobalSection
	GlobalSection(SolutionProperties) = preSolution
		HideSolutionNode = FALSE
	EndGlobalSection
	GlobalSection(NestedProjects) = preSolution
		{9A2E1278-CBBD-4A85-9732-49D532DF7BE0} = {5FF3E2B5-2F5E-4337-BBE8-1E48DD0289BE}
		{FDF6FE4C-807C-454E-9A69-9EAE8B7FB7FF} = {5FF3E2B5-2F5E-4337-BBE8-1E48DD0289BE}
		{972B5561-5266-4F94-AA03-2EBABD5F5DA6} = {5FF3E2B5-2F5E-4337-BBE8-1E48DD0289BE}
		{E68E05A5-B311-499F-9815-8D7D5CFCB71A} = {5FF3E2B5-2F5E-4337-BBE8-1E48DD0289BE}
		{6FB82E45-9D42-4D8A-BCA3-4C63DAABD965} = {5FF3E2B5-2F5E-4337-BBE8-1E48DD0289BE}
	EndGlobalSection
	GlobalSection(ExtensibilityGlobals) = postSolution
		SolutionGuid = {E44B2259-6C5B-4811-B29B-ACFC8A6EE1EB}
	EndGlobalSection
EndGlobal
