
Microsoft Visual Studio Solution File, Format Version 12.00
# Visual Studio Version 17
VisualStudioVersion = 17.10.35004.147
MinimumVisualStudioVersion = 10.0.40219.1
Project("{FAE04EC0-301F-11D3-BF4B-00C04F79EFBC}") = "Dapper.MinimalWebAPI", "Dapper.MinimalWebAPI.csproj", "{70D3295F-2888-4B49-80DD-C71B6A6CBC9B}"
EndProject
Global
	GlobalSection(SolutionConfigurationPlatforms) = preSolution
		Debug|Any CPU = Debug|Any CPU
		Release|Any CPU = Release|Any CPU
	EndGlobalSection
	GlobalSection(ProjectConfigurationPlatforms) = postSolution
		{70D3295F-2888-4B49-80DD-C71B6A6CBC9B}.Debug|Any CPU.ActiveCfg = Debug|Any CPU
		{70D3295F-2888-4B49-80DD-C71B6A6CBC9B}.Debug|Any CPU.Build.0 = Debug|Any CPU
		{70D3295F-2888-4B49-80DD-C71B6A6CBC9B}.Release|Any CPU.ActiveCfg = Release|Any CPU
		{70D3295F-2888-4B49-80DD-C71B6A6CBC9B}.Release|Any CPU.Build.0 = Release|Any CPU
	EndGlobalSection
	GlobalSection(SolutionProperties) = preSolution
		HideSolutionNode = FALSE
	EndGlobalSection
	GlobalSection(ExtensibilityGlobals) = postSolution
		SolutionGuid = {DFCB2E12-801E-4A89-BDC1-3E88E36BC318}
	EndGlobalSection
EndGlobal
