
Microsoft Visual Studio Solution File, Format Version 12.00
# Visual Studio Version 17
VisualStudioVersion = 17.10.35027.167
MinimumVisualStudioVersion = 10.0.40219.1
Project("{FAE04EC0-301F-11D3-BF4B-00C04F79EFBC}") = "Gateway.YARP", "Gateway.YARP.csproj", "{6856C249-429C-454E-83AD-CC42C8F8B08B}"
EndProject
Global
	GlobalSection(SolutionConfigurationPlatforms) = preSolution
		Debug|Any CPU = Debug|Any CPU
		Release|Any CPU = Release|Any CPU
	EndGlobalSection
	GlobalSection(ProjectConfigurationPlatforms) = postSolution
		{6856C249-429C-454E-83AD-CC42C8F8B08B}.Debug|Any CPU.ActiveCfg = Debug|Any CPU
		{6856C249-429C-454E-83AD-CC42C8F8B08B}.Debug|Any CPU.Build.0 = Debug|Any CPU
		{6856C249-429C-454E-83AD-CC42C8F8B08B}.Release|Any CPU.ActiveCfg = Release|Any CPU
		{6856C249-429C-454E-83AD-CC42C8F8B08B}.Release|Any CPU.Build.0 = Release|Any CPU
	EndGlobalSection
	GlobalSection(SolutionProperties) = preSolution
		HideSolutionNode = FALSE
	EndGlobalSection
	GlobalSection(ExtensibilityGlobals) = postSolution
		SolutionGuid = {C3D5F789-F558-425D-9C17-8B747D01EC90}
	EndGlobalSection
EndGlobal
