
Microsoft Visual Studio Solution File, Format Version 12.00
# Visual Studio Version 17
VisualStudioVersion = 17.9.34607.119
MinimumVisualStudioVersion = 10.0.40219.1
Project("{FAE04EC0-301F-11D3-BF4B-00C04F79EFBC}") = "eHospitalServer.Entities", "eHospitalServer.Entities\eHospitalServer.Entities.csproj", "{08FA889E-5700-436A-BE24-7BE0816D7F85}"
EndProject
Project("{FAE04EC0-301F-11D3-BF4B-00C04F79EFBC}") = "eHospitalServer.DataAccess", "eHospitalServer.DataAccess\eHospitalServer.DataAccess.csproj", "{3877FC28-87F3-457D-AE9F-E968C8C3A963}"
EndProject
Project("{FAE04EC0-301F-11D3-BF4B-00C04F79EFBC}") = "eHospitalServer.WebAPI", "eHospitalServer.WebAPI\eHospitalServer.WebAPI.csproj", "{5AFAED4F-45E6-4C62-8DCF-8F27F47520DB}"
EndProject
Global
	GlobalSection(SolutionConfigurationPlatforms) = preSolution
		Debug|Any CPU = Debug|Any CPU
		Release|Any CPU = Release|Any CPU
	EndGlobalSection
	GlobalSection(ProjectConfigurationPlatforms) = postSolution
		{08FA889E-5700-436A-BE24-7BE0816D7F85}.Debug|Any CPU.ActiveCfg = Debug|Any CPU
		{08FA889E-5700-436A-BE24-7BE0816D7F85}.Debug|Any CPU.Build.0 = Debug|Any CPU
		{08FA889E-5700-436A-BE24-7BE0816D7F85}.Release|Any CPU.ActiveCfg = Release|Any CPU
		{08FA889E-5700-436A-BE24-7BE0816D7F85}.Release|Any CPU.Build.0 = Release|Any CPU
		{3877FC28-87F3-457D-AE9F-E968C8C3A963}.Debug|Any CPU.ActiveCfg = Debug|Any CPU
		{3877FC28-87F3-457D-AE9F-E968C8C3A963}.Debug|Any CPU.Build.0 = Debug|Any CPU
		{3877FC28-87F3-457D-AE9F-E968C8C3A963}.Release|Any CPU.ActiveCfg = Release|Any CPU
		{3877FC28-87F3-457D-AE9F-E968C8C3A963}.Release|Any CPU.Build.0 = Release|Any CPU
		{5AFAED4F-45E6-4C62-8DCF-8F27F47520DB}.Debug|Any CPU.ActiveCfg = Debug|Any CPU
		{5AFAED4F-45E6-4C62-8DCF-8F27F47520DB}.Debug|Any CPU.Build.0 = Debug|Any CPU
		{5AFAED4F-45E6-4C62-8DCF-8F27F47520DB}.Release|Any CPU.ActiveCfg = Release|Any CPU
		{5AFAED4F-45E6-4C62-8DCF-8F27F47520DB}.Release|Any CPU.Build.0 = Release|Any CPU
	EndGlobalSection
	GlobalSection(SolutionProperties) = preSolution
		HideSolutionNode = FALSE
	EndGlobalSection
	GlobalSection(ExtensibilityGlobals) = postSolution
		SolutionGuid = {59D263B2-2780-4971-AD8D-0681DBF77A2F}
	EndGlobalSection
EndGlobal
