
Microsoft Visual Studio Solution File, Format Version 12.00
# Visual Studio Version 17
VisualStudioVersion = 17.10.35004.147
MinimumVisualStudioVersion = 10.0.40219.1
Project("{FAE04EC0-301F-11D3-BF4B-00C04F79EFBC}") = "ODataExample.Server.WebAPI", "ODataExample.Server.WebAPI\ODataExample.Server.WebAPI.csproj", "{B5B9FF0B-DA89-4222-AC9A-28E3C8CCE0FF}"
EndProject
Global
	GlobalSection(SolutionConfigurationPlatforms) = preSolution
		Debug|Any CPU = Debug|Any CPU
		Release|Any CPU = Release|Any CPU
	EndGlobalSection
	GlobalSection(ProjectConfigurationPlatforms) = postSolution
		{B5B9FF0B-DA89-4222-AC9A-28E3C8CCE0FF}.Debug|Any CPU.ActiveCfg = Debug|Any CPU
		{B5B9FF0B-DA89-4222-AC9A-28E3C8CCE0FF}.Debug|Any CPU.Build.0 = Debug|Any CPU
		{B5B9FF0B-DA89-4222-AC9A-28E3C8CCE0FF}.Release|Any CPU.ActiveCfg = Release|Any CPU
		{B5B9FF0B-DA89-4222-AC9A-28E3C8CCE0FF}.Release|Any CPU.Build.0 = Release|Any CPU
	EndGlobalSection
	GlobalSection(SolutionProperties) = preSolution
		HideSolutionNode = FALSE
	EndGlobalSection
	GlobalSection(ExtensibilityGlobals) = postSolution
		SolutionGuid = {35DB9EDD-E72A-43F9-91D7-4BBA43D2A6DA}
	EndGlobalSection
EndGlobal
