
Microsoft Visual Studio Solution File, Format Version 12.00
# Visual Studio Version 17
VisualStudioVersion = 17.9.34728.123
MinimumVisualStudioVersion = 10.0.40219.1
Project("{9A19103F-16F7-4668-BE54-9A1E7A4F7556}") = "DomainDrivenDesign.Domain", "DomainDrivenDesign.Domain\DomainDrivenDesign.Domain.csproj", "{63C12DC9-ABFB-4662-BBA1-F9ECAB9D7DF1}"
EndProject
Project("{FAE04EC0-301F-11D3-BF4B-00C04F79EFBC}") = "DomainDrivenDesign.ConsoleApp", "DomainDrivenDesign.ConsoleApp\DomainDrivenDesign.ConsoleApp.csproj", "{8318EE8B-6409-4570-B23C-799BD333A9B8}"
EndProject
Global
	GlobalSection(SolutionConfigurationPlatforms) = preSolution
		Debug|Any CPU = Debug|Any CPU
		Release|Any CPU = Release|Any CPU
	EndGlobalSection
	GlobalSection(ProjectConfigurationPlatforms) = postSolution
		{63C12DC9-ABFB-4662-BBA1-F9ECAB9D7DF1}.Debug|Any CPU.ActiveCfg = Debug|Any CPU
		{63C12DC9-ABFB-4662-BBA1-F9ECAB9D7DF1}.Debug|Any CPU.Build.0 = Debug|Any CPU
		{63C12DC9-ABFB-4662-BBA1-F9ECAB9D7DF1}.Release|Any CPU.ActiveCfg = Release|Any CPU
		{63C12DC9-ABFB-4662-BBA1-F9ECAB9D7DF1}.Release|Any CPU.Build.0 = Release|Any CPU
		{8318EE8B-6409-4570-B23C-799BD333A9B8}.Debug|Any CPU.ActiveCfg = Debug|Any CPU
		{8318EE8B-6409-4570-B23C-799BD333A9B8}.Debug|Any CPU.Build.0 = Debug|Any CPU
		{8318EE8B-6409-4570-B23C-799BD333A9B8}.Release|Any CPU.ActiveCfg = Release|Any CPU
		{8318EE8B-6409-4570-B23C-799BD333A9B8}.Release|Any CPU.Build.0 = Release|Any CPU
	EndGlobalSection
	GlobalSection(SolutionProperties) = preSolution
		HideSolutionNode = FALSE
	EndGlobalSection
	GlobalSection(ExtensibilityGlobals) = postSolution
		SolutionGuid = {A0E36876-C1F0-4DEB-8AE1-96C4E6A16C64}
	EndGlobalSection
EndGlobal
