
Microsoft Visual Studio Solution File, Format Version 12.00
# Visual Studio Version 17
VisualStudioVersion = 17.8.34511.84
MinimumVisualStudioVersion = 10.0.40219.1
Project("{FAE04EC0-301F-11D3-BF4B-00C04F79EFBC}") = "ClassYapilariApp.WebAPI", "ClassYapilariApp.WebAPI\ClassYapilariApp.WebAPI.csproj", "{7BAD03AB-C5E4-4CD1-B7D1-EA65B16BA0AC}"
EndProject
Global
	GlobalSection(SolutionConfigurationPlatforms) = preSolution
		Debug|Any CPU = Debug|Any CPU
		Release|Any CPU = Release|Any CPU
	EndGlobalSection
	GlobalSection(ProjectConfigurationPlatforms) = postSolution
		{7BAD03AB-C5E4-4CD1-B7D1-EA65B16BA0AC}.Debug|Any CPU.ActiveCfg = Debug|Any CPU
		{7BAD03AB-C5E4-4CD1-B7D1-EA65B16BA0AC}.Debug|Any CPU.Build.0 = Debug|Any CPU
		{7BAD03AB-C5E4-4CD1-B7D1-EA65B16BA0AC}.Release|Any CPU.ActiveCfg = Release|Any CPU
		{7BAD03AB-C5E4-4CD1-B7D1-EA65B16BA0AC}.Release|Any CPU.Build.0 = Release|Any CPU
	EndGlobalSection
	GlobalSection(SolutionProperties) = preSolution
		HideSolutionNode = FALSE
	EndGlobalSection
	GlobalSection(ExtensibilityGlobals) = postSolution
		SolutionGuid = {E4F76480-D8C6-4245-B7C4-0CFE5A109761}
	EndGlobalSection
EndGlobal
