
Microsoft Visual Studio Solution File, Format Version 12.00
# Visual Studio Version 17
VisualStudioVersion = 17.8.34316.72
MinimumVisualStudioVersion = 10.0.40219.1
Project("{9A19103F-16F7-4668-BE54-9A1E7A4F7556}") = "ITDeskServer", "ITDeskServer.csproj", "{E549EDF9-6D95-4717-A55D-684608D1D986}"
EndProject
Project("{2150E333-8FDC-42A3-9474-1A3956D46DE8}") = "Solution Items", "Solution Items", "{EC49FA2C-6888-4F60-BAB5-723BED42B91F}"
	ProjectSection(SolutionItems) = preProject
		.editorconfig = .editorconfig
	EndProjectSection
EndProject
Global
	GlobalSection(SolutionConfigurationPlatforms) = preSolution
		Debug|Any CPU = Debug|Any CPU
		Release|Any CPU = Release|Any CPU
	EndGlobalSection
	GlobalSection(ProjectConfigurationPlatforms) = postSolution
		{E549EDF9-6D95-4717-A55D-684608D1D986}.Debug|Any CPU.ActiveCfg = Debug|Any CPU
		{E549EDF9-6D95-4717-A55D-684608D1D986}.Debug|Any CPU.Build.0 = Debug|Any CPU
		{E549EDF9-6D95-4717-A55D-684608D1D986}.Release|Any CPU.ActiveCfg = Release|Any CPU
		{E549EDF9-6D95-4717-A55D-684608D1D986}.Release|Any CPU.Build.0 = Release|Any CPU
	EndGlobalSection
	GlobalSection(SolutionProperties) = preSolution
		HideSolutionNode = FALSE
	EndGlobalSection
	GlobalSection(ExtensibilityGlobals) = postSolution
		SolutionGuid = {DAA98A53-7DC5-4ABC-83AF-64CE67B66DE4}
	EndGlobalSection
EndGlobal
