
Microsoft Visual Studio Solution File, Format Version 12.00
# Visual Studio Version 17
VisualStudioVersion = 17.6.33829.357
MinimumVisualStudioVersion = 10.0.40219.1
Project("{FAE04EC0-301F-11D3-BF4B-00C04F79EFBC}") = "My-First-Console-App", "My-First-Console-App.csproj", "{9A00C30E-9C40-4953-BD9D-D3BBC06B928D}"
EndProject
Global
	GlobalSection(SolutionConfigurationPlatforms) = preSolution
		Debug|Any CPU = Debug|Any CPU
		Release|Any CPU = Release|Any CPU
	EndGlobalSection
	GlobalSection(ProjectConfigurationPlatforms) = postSolution
		{9A00C30E-9C40-4953-BD9D-D3BBC06B928D}.Debug|Any CPU.ActiveCfg = Debug|Any CPU
		{9A00C30E-9C40-4953-BD9D-D3BBC06B928D}.Debug|Any CPU.Build.0 = Debug|Any CPU
		{9A00C30E-9C40-4953-BD9D-D3BBC06B928D}.Release|Any CPU.ActiveCfg = Release|Any CPU
		{9A00C30E-9C40-4953-BD9D-D3BBC06B928D}.Release|Any CPU.Build.0 = Release|Any CPU
	EndGlobalSection
	GlobalSection(SolutionProperties) = preSolution
		HideSolutionNode = FALSE
	EndGlobalSection
	GlobalSection(ExtensibilityGlobals) = postSolution
		SolutionGuid = {04AFF0D3-80F0-45D2-8F1C-75A4F71611DB}
	EndGlobalSection
EndGlobal
