
Microsoft Visual Studio Solution File, Format Version 12.00
# Visual Studio Version 17
VisualStudioVersion = 17.7.34031.279
MinimumVisualStudioVersion = 10.0.40219.1
Project("{FAE04EC0-301F-11D3-BF4B-00C04F79EFBC}") = "TodoWebApi", "TodoWebApi.csproj", "{7E669973-0816-4388-A8FD-B6667D7880E4}"
EndProject
Global
	GlobalSection(SolutionConfigurationPlatforms) = preSolution
		Debug|Any CPU = Debug|Any CPU
		Release|Any CPU = Release|Any CPU
	EndGlobalSection
	GlobalSection(ProjectConfigurationPlatforms) = postSolution
		{7E669973-0816-4388-A8FD-B6667D7880E4}.Debug|Any CPU.ActiveCfg = Debug|Any CPU
		{7E669973-0816-4388-A8FD-B6667D7880E4}.Debug|Any CPU.Build.0 = Debug|Any CPU
		{7E669973-0816-4388-A8FD-B6667D7880E4}.Release|Any CPU.ActiveCfg = Release|Any CPU
		{7E669973-0816-4388-A8FD-B6667D7880E4}.Release|Any CPU.Build.0 = Release|Any CPU
	EndGlobalSection
	GlobalSection(SolutionProperties) = preSolution
		HideSolutionNode = FALSE
	EndGlobalSection
	GlobalSection(ExtensibilityGlobals) = postSolution
		SolutionGuid = {AE0E7217-8F32-4718-B020-FB86C5FCBE17}
	EndGlobalSection
EndGlobal
